
Microsoft Visual Studio Solution File, Format Version 12.00
# Visual Studio Version 17
VisualStudioVersion = 17.8.34330.188
MinimumVisualStudioVersion = 10.0.40219.1
Project("{9A19103F-16F7-4668-BE54-9A1E7A4F7556}") = "ProjBobcat", "ProjBobcat\ProjBobcat.csproj", "{9777E280-8601-4A6C-BD75-0D29FD4F5D6F}"
EndProject
Project("{2150E333-8FDC-42A3-9474-1A3956D46DE8}") = "Solution Items", "Solution Items", "{58DF1F5D-DA7B-4697-A060-72BFC657C3FC}"
	ProjectSection(SolutionItems) = preProject
		.editorconfig = .editorconfig
	EndProjectSection
EndProject
Project("{FAE04EC0-301F-11D3-BF4B-00C04F79EFBC}") = "ProjBobcat.Tests", "ProjBobcat.Tests\ProjBobcat.Tests.csproj", "{583559EB-2B84-468A-B4DA-15E116850F3C}"
EndProject
Global
	GlobalSection(SolutionConfigurationPlatforms) = preSolution
		Debug|Any CPU = Debug|Any CPU
		Release|Any CPU = Release|Any CPU
	EndGlobalSection
	GlobalSection(ProjectConfigurationPlatforms) = postSolution
		{9777E280-8601-4A6C-BD75-0D29FD4F5D6F}.Debug|Any CPU.ActiveCfg = Debug|Any CPU
		{9777E280-8601-4A6C-BD75-0D29FD4F5D6F}.Debug|Any CPU.Build.0 = Debug|Any CPU
		{9777E280-8601-4A6C-BD75-0D29FD4F5D6F}.Release|Any CPU.ActiveCfg = Release|Any CPU
		{9777E280-8601-4A6C-BD75-0D29FD4F5D6F}.Release|Any CPU.Build.0 = Release|Any CPU
		{583559EB-2B84-468A-B4DA-15E116850F3C}.Debug|Any CPU.ActiveCfg = Debug|Any CPU
		{583559EB-2B84-468A-B4DA-15E116850F3C}.Debug|Any CPU.Build.0 = Debug|Any CPU
		{583559EB-2B84-468A-B4DA-15E116850F3C}.Release|Any CPU.ActiveCfg = Release|Any CPU
		{583559EB-2B84-468A-B4DA-15E116850F3C}.Release|Any CPU.Build.0 = Release|Any CPU
	EndGlobalSection
	GlobalSection(SolutionProperties) = preSolution
		HideSolutionNode = FALSE
	EndGlobalSection
	GlobalSection(ExtensibilityGlobals) = postSolution
		SolutionGuid = {C0CF2D73-81DB-4C43-8D92-963FB2C6F3E8}
	EndGlobalSection
EndGlobal
