
Microsoft Visual Studio Solution File, Format Version 12.00
# Visual Studio Version 16
VisualStudioVersion = 16.0.29728.190
MinimumVisualStudioVersion = 10.0.40219.1
Project("{FAE04EC0-301F-11D3-BF4B-00C04F79EFBC}") = "ProjBobcat", "ProjBobcat\ProjBobcat.csproj", "{9777E280-8601-4A6C-BD75-0D29FD4F5D6F}"
EndProject
Project("{FAE04EC0-301F-11D3-BF4B-00C04F79EFBC}") = "Example", "Example\Example.csproj", "{9A7447FB-C120-4E4C-8AE9-CE09154C890F}"
EndProject
Global
	GlobalSection(SolutionConfigurationPlatforms) = preSolution
		Debug|Any CPU = Debug|Any CPU
		Release|Any CPU = Release|Any CPU
	EndGlobalSection
	GlobalSection(ProjectConfigurationPlatforms) = postSolution
		{9777E280-8601-4A6C-BD75-0D29FD4F5D6F}.Debug|Any CPU.ActiveCfg = Debug|Any CPU
		{9777E280-8601-4A6C-BD75-0D29FD4F5D6F}.Debug|Any CPU.Build.0 = Debug|Any CPU
		{9777E280-8601-4A6C-BD75-0D29FD4F5D6F}.Release|Any CPU.ActiveCfg = Release|Any CPU
		{9777E280-8601-4A6C-BD75-0D29FD4F5D6F}.Release|Any CPU.Build.0 = Release|Any CPU
		{9A7447FB-C120-4E4C-8AE9-CE09154C890F}.Debug|Any CPU.ActiveCfg = Debug|Any CPU
		{9A7447FB-C120-4E4C-8AE9-CE09154C890F}.Debug|Any CPU.Build.0 = Debug|Any CPU
		{9A7447FB-C120-4E4C-8AE9-CE09154C890F}.Release|Any CPU.ActiveCfg = Release|Any CPU
		{9A7447FB-C120-4E4C-8AE9-CE09154C890F}.Release|Any CPU.Build.0 = Release|Any CPU
	EndGlobalSection
	GlobalSection(SolutionProperties) = preSolution
		HideSolutionNode = FALSE
	EndGlobalSection
	GlobalSection(ExtensibilityGlobals) = postSolution
		SolutionGuid = {C0CF2D73-81DB-4C43-8D92-963FB2C6F3E8}
	EndGlobalSection
EndGlobal
