
Microsoft Visual Studio Solution File, Format Version 12.00
# Visual Studio Version 16
VisualStudioVersion = 16.0.28803.156
MinimumVisualStudioVersion = 10.0.40219.1
Project("{FAE04EC0-301F-11D3-BF4B-00C04F79EFBC}") = "ProjBobcat", "ProjBobcat\ProjBobcat.csproj", "{9777E280-8601-4A6C-BD75-0D29FD4F5D6F}"
EndProject
Project("{FAE04EC0-301F-11D3-BF4B-00C04F79EFBC}") = "ProjBobcat.Test", "ProjBobcat.Test\ProjBobcat.Test.csproj", "{BC0F6695-9AE9-4542-AE98-C9B9D06D640B}"
EndProject
Global
	GlobalSection(SolutionConfigurationPlatforms) = preSolution
		Debug|Any CPU = Debug|Any CPU
		Release|Any CPU = Release|Any CPU
	EndGlobalSection
	GlobalSection(ProjectConfigurationPlatforms) = postSolution
		{9777E280-8601-4A6C-BD75-0D29FD4F5D6F}.Debug|Any CPU.ActiveCfg = Debug|Any CPU
		{9777E280-8601-4A6C-BD75-0D29FD4F5D6F}.Debug|Any CPU.Build.0 = Debug|Any CPU
		{9777E280-8601-4A6C-BD75-0D29FD4F5D6F}.Release|Any CPU.ActiveCfg = Release|Any CPU
		{9777E280-8601-4A6C-BD75-0D29FD4F5D6F}.Release|Any CPU.Build.0 = Release|Any CPU
		{BC0F6695-9AE9-4542-AE98-C9B9D06D640B}.Debug|Any CPU.ActiveCfg = Debug|Any CPU
		{BC0F6695-9AE9-4542-AE98-C9B9D06D640B}.Debug|Any CPU.Build.0 = Debug|Any CPU
		{BC0F6695-9AE9-4542-AE98-C9B9D06D640B}.Release|Any CPU.ActiveCfg = Release|Any CPU
		{BC0F6695-9AE9-4542-AE98-C9B9D06D640B}.Release|Any CPU.Build.0 = Release|Any CPU
	EndGlobalSection
	GlobalSection(SolutionProperties) = preSolution
		HideSolutionNode = FALSE
	EndGlobalSection
	GlobalSection(ExtensibilityGlobals) = postSolution
		SolutionGuid = {8CF93193-8B0C-4327-A531-4F16B76CD6AA}
	EndGlobalSection
EndGlobal
